github.com/hypebeast/go-osc v0.0.0-20181130121958-adefe22206c1 h1:csLuD/R1zpC5lpYGOQybOfpxI68kHU+eS13QZ26DZrM=
github.com/hypebeast/go-osc v0.0.0-20181130121958-adefe22206c1/go.mod h1:VCiuhv+/+jPFqHeZAgVC61Cr4drPso5XEEKmEiqCsuU=
github.com/jsimonetti/go-artnet v0.0.0-20190923084651-72c0ea605f4c h1:BE/QsyAvpiWb1Cs3e4vGKVhYHsb1wa4oN8ZMots1vfw=
github.com/jsimonetti/go-artnet v0.0.0-20190923084651-72c0ea605f4c/go.mod h1:A0+30NlA3Auuz3MUnGIMXrXcmEvnPsdQYMQM6FurN0g=
github.com/pkg/errors v0.8.1 h1:iURUrRGxPUNPdy5/HRSm+Yj6okJ6UtLINN0Q9M4+h3I=
github.com/pkg/errors v0.8.1/go.mod h1:bwawxfHBFNV+L2hUp1rHADufV3IMtnDRdf1r5NINEl0=
